{
  "name": "alexdalegend.github.io",
  "lockfileVersion": 2,
  "requires": true,
  "packages": {
    "": {
      "dependencies": {
        "kmeansjs": "^0.0.3"
      }
    },
    "node_modules/kmeansjs": {
      "version": "0.0.3",
      "resolved": "https://registry.npmjs.org/kmeansjs/-/kmeansjs-0.0.3.tgz",
      "integrity": "sha512-rZQ/xf2v6Mocngyu8flXXX90KAWS6aYtc0ZAVdpUFq5EHzKpkDMQqQqvQF98hGdCAH+ZUE6p58RkTwLRJElIYw=="
    }
  },
  "dependencies": {
    "kmeansjs": {
      "version": "0.0.3",
      "resolved": "https://registry.npmjs.org/kmeansjs/-/kmeansjs-0.0.3.tgz",
      "integrity": "sha512-rZQ/xf2v6Mocngyu8flXXX90KAWS6aYtc0ZAVdpUFq5EHzKpkDMQqQqvQF98hGdCAH+ZUE6p58RkTwLRJElIYw=="
    }
  }
}
